
Microsoft Visual Studio Solution File, Format Version 12.00
# Visual Studio Version 16
VisualStudioVersion = 16.0.32802.440
MinimumVisualStudioVersion = 10.0.40219.1
Project("{FAE04EC0-301F-11D3-BF4B-00C04F79EFBC}") = "App", "App\App.csproj", "{A99C2788-FB0B-4BCA-B570-360F62BD8C5C}"
EndProject
Global
	GlobalSection(SolutionConfigurationPlatforms) = preSolution
		Debug|Any CPU = Debug|Any CPU
		Release|Any CPU = Release|Any CPU
	EndGlobalSection
	GlobalSection(ProjectConfigurationPlatforms) = postSolution
		{A99C2788-FB0B-4BCA-B570-360F62BD8C5C}.Debug|Any CPU.ActiveCfg = Debug|Any CPU
		{A99C2788-FB0B-4BCA-B570-360F62BD8C5C}.Debug|Any CPU.Build.0 = Debug|Any CPU
		{A99C2788-FB0B-4BCA-B570-360F62BD8C5C}.Release|Any CPU.ActiveCfg = Release|Any CPU
		{A99C2788-FB0B-4BCA-B570-360F62BD8C5C}.Release|Any CPU.Build.0 = Release|Any CPU
	EndGlobalSection
	GlobalSection(SolutionProperties) = preSolution
		HideSolutionNode = FALSE
	EndGlobalSection
	GlobalSection(ExtensibilityGlobals) = postSolution
		SolutionGuid = {54417020-5C01-4214-80E7-62E1DA67BF0F}
	EndGlobalSection
EndGlobal
