
Microsoft Visual Studio Solution File, Format Version 12.00
# Visual Studio Version 16
VisualStudioVersion = 16.0.32802.440
MinimumVisualStudioVersion = 10.0.40219.1
Project("{FAE04EC0-301F-11D3-BF4B-00C04F79EFBC}") = "App", "App\App.csproj", "{9463FC2A-9845-43AD-AE2E-126C4037521A}"
EndProject
Global
	GlobalSection(SolutionConfigurationPlatforms) = preSolution
		Debug|Any CPU = Debug|Any CPU
		Release|Any CPU = Release|Any CPU
	EndGlobalSection
	GlobalSection(ProjectConfigurationPlatforms) = postSolution
		{9463FC2A-9845-43AD-AE2E-126C4037521A}.Debug|Any CPU.ActiveCfg = Debug|Any CPU
		{9463FC2A-9845-43AD-AE2E-126C4037521A}.Debug|Any CPU.Build.0 = Debug|Any CPU
		{9463FC2A-9845-43AD-AE2E-126C4037521A}.Release|Any CPU.ActiveCfg = Release|Any CPU
		{9463FC2A-9845-43AD-AE2E-126C4037521A}.Release|Any CPU.Build.0 = Release|Any CPU
	EndGlobalSection
	GlobalSection(SolutionProperties) = preSolution
		HideSolutionNode = FALSE
	EndGlobalSection
	GlobalSection(ExtensibilityGlobals) = postSolution
		SolutionGuid = {C14B1357-2B98-4CB9-95A8-82F00ED1BDCA}
	EndGlobalSection
EndGlobal
